// !$*UTF8*$!
{
	archiveVersion = 1;
	classes = {
	};
	objectVersion = 56;
	objects = {

/* Begin PBXBuildFile section */
		7FA44DE12B9F94DD00C0BC06 /* Lab3ViewController.swift in Sources */ = {isa = PBXBuildFile; fileRef = 7FA44DE02B9F94DD00C0BC06 /* Lab3ViewController.swift */; };
		7FA44DE32B9FB49100C0BC06 /* CalculateViewController.swift in Sources */ = {isa = PBXBuildFile; fileRef = 7FA44DE22B9FB49100C0BC06 /* CalculateViewController.swift */; };
		7FB2F2D72B9D98FF00FDE724 /* AppDelegate.swift in Sources */ = {isa = PBXBuildFile; fileRef = 7FB2F2D62B9D98FF00FDE724 /* AppDelegate.swift */; };
		7FB2F2D92B9D98FF00FDE724 /* SceneDelegate.swift in Sources */ = {isa = PBXBuildFile; fileRef = 7FB2F2D82B9D98FF00FDE724 /* SceneDelegate.swift */; };
		7FB2F2DB2B9D98FF00FDE724 /* ViewController.swift in Sources */ = {isa = PBXBuildFile; fileRef = 7FB2F2DA2B9D98FF00FDE724 /* ViewController.swift */; };
		7FB2F2DE2B9D98FF00FDE724 /* Main.storyboard in Resources */ = {isa = PBXBuildFile; fileRef = 7FB2F2DC2B9D98FF00FDE724 /* Main.storyboard */; };
		7FB2F2E02B9D990000FDE724 /* Assets.xcassets in Resources */ = {isa = PBXBuildFile; fileRef = 7FB2F2DF2B9D990000FDE724 /* Assets.xcassets */; };
		7FB2F2E32B9D990000FDE724 /* LaunchScreen.storyboard in Resources */ = {isa = PBXBuildFile; fileRef = 7FB2F2E12B9D990000FDE724 /* LaunchScreen.storyboard */; };
		7FE9C12F2B9F1CCA0015429B /* Lab2ViewController.swift in Sources */ = {isa = PBXBuildFile; fileRef = 7FE9C12E2B9F1CCA0015429B /* Lab2ViewController.swift */; };
/* End PBXBuildFile section */

/* Begin PBXFileReference section */
		7FA44DE02B9F94DD00C0BC06 /* Lab3ViewController.swift */ = {isa = PBXFileReference; fileEncoding = 4; lastKnownFileType = sourcecode.swift; path = Lab3ViewController.swift; sourceTree = "<group>"; };
		7FA44DE22B9FB49100C0BC06 /* CalculateViewController.swift */ = {isa = PBXFileReference; lastKnownFileType = sourcecode.swift; path = CalculateViewController.swift; sourceTree = "<group>"; };
		7FB2F2D32B9D98FF00FDE724 /* MidTerm_TakeHome.app */ = {isa = PBXFileReference; explicitFileType = wrapper.application; includeInIndex = 0; path = MidTerm_TakeHome.app; sourceTree = BUILT_PRODUCTS_DIR; };
		7FB2F2D62B9D98FF00FDE724 /* AppDelegate.swift */ = {isa = PBXFileReference; lastKnownFileType = sourcecode.swift; path = AppDelegate.swift; sourceTree = "<group>"; };
		7FB2F2D82B9D98FF00FDE724 /* SceneDelegate.swift */ = {isa = PBXFileReference; lastKnownFileType = sourcecode.swift; path = SceneDelegate.swift; sourceTree = "<group>"; };
		7FB2F2DA2B9D98FF00FDE724 /* ViewController.swift */ = {isa = PBXFileReference; lastKnownFileType = sourcecode.swift; path = ViewController.swift; sourceTree = "<group>"; };
		7FB2F2DD2B9D98FF00FDE724 /* Base */ = {isa = PBXFileReference; lastKnownFileType = file.storyboard; name = Base; path = Base.lproj/Main.storyboard; sourceTree = "<group>"; };
		7FB2F2DF2B9D990000FDE724 /* Assets.xcassets */ = {isa = PBXFileReference; lastKnownFileType = folder.assetcatalog; path = Assets.xcassets; sourceTree = "<group>"; };
		7FB2F2E22B9D990000FDE724 /* Base */ = {isa = PBXFileReference; lastKnownFileType = file.storyboard; name = Base; path = Base.lproj/LaunchScreen.storyboard; sourceTree = "<group>"; };
		7FB2F2E42B9D990000FDE724 /* Info.plist */ = {isa = PBXFileReference; lastKnownFileType = text.plist.xml; path = Info.plist; sourceTree = "<group>"; };
		7FE9C12E2B9F1CCA0015429B /* Lab2ViewController.swift */ = {isa = PBXFileReference; lastKnownFileType = sourcecode.swift; path = Lab2ViewController.swift; sourceTree = "<group>"; };
/* End PBXFileReference section */

/* Begin PBXFrameworksBuildPhase section */
		7FB2F2D02B9D98FF00FDE724 /* Frameworks */ = {
			isa = PBXFrameworksBuildPhase;
			buildActionMask = 2147483647;
			files = (
			);
			runOnlyForDeploymentPostprocessing = 0;
		};
/* End PBXFrameworksBuildPhase section */

/* Begin PBXGroup section */
		7FB2F2CA2B9D98FF00FDE724 = {
			isa = PBXGroup;
			children = (
				7FB2F2D52B9D98FF00FDE724 /* MidTerm_TakeHome */,
				7FB2F2D42B9D98FF00FDE724 /* Products */,
			);
			sourceTree = "<group>";
		};
		7FB2F2D42B9D98FF00FDE724 /* Products */ = {
			isa = PBXGroup;
			children = (
				7FB2F2D32B9D98FF00FDE724 /* MidTerm_TakeHome.app */,
			);
			name = Products;
			sourceTree = "<group>";
		};
		7FB2F2D52B9D98FF00FDE724 /* MidTerm_TakeHome */ = {
			isa = PBXGroup;
			children = (
				7FB2F2D62B9D98FF00FDE724 /* AppDelegate.swift */,
				7FB2F2D82B9D98FF00FDE724 /* SceneDelegate.swift */,
				7FB2F2DA2B9D98FF00FDE724 /* ViewController.swift */,
				7FA44DE22B9FB49100C0BC06 /* CalculateViewController.swift */,
				7FB2F2DC2B9D98FF00FDE724 /* Main.storyboard */,
				7FE9C12E2B9F1CCA0015429B /* Lab2ViewController.swift */,
				7FA44DE02B9F94DD00C0BC06 /* Lab3ViewController.swift */,
				7FB2F2DF2B9D990000FDE724 /* Assets.xcassets */,
				7FB2F2E12B9D990000FDE724 /* LaunchScreen.storyboard */,
				7FB2F2E42B9D990000FDE724 /* Info.plist */,
			);
			path = MidTerm_TakeHome;
			sourceTree = "<group>";
		};
/* End PBXGroup section */

/* Begin PBXNativeTarget section */
		7FB2F2D22B9D98FF00FDE724 /* MidTerm_TakeHome */ = {
			isa = PBXNativeTarget;
			buildConfigurationList = 7FB2F2E72B9D990000FDE724 /* Build configuration list for PBXNativeTarget "MidTerm_TakeHome" */;
			buildPhases = (
				7FB2F2CF2B9D98FF00FDE724 /* Sources */,
				7FB2F2D02B9D98FF00FDE724 /* Frameworks */,
				7FB2F2D12B9D98FF00FDE724 /* Resources */,
			);
			buildRules = (
			);
			dependencies = (
			);
			name = MidTerm_TakeHome;
			productName = MidTerm_TakeHome;
			productReference = 7FB2F2D32B9D98FF00FDE724 /* MidTerm_TakeHome.app */;
			productType = "com.apple.product-type.application";
		};
/* End PBXNativeTarget section */

/* Begin PBXProject section */
		7FB2F2CB2B9D98FF00FDE724 /* Project object */ = {
			isa = PBXProject;
			attributes = {
				BuildIndependentTargetsInParallel = 1;
				LastSwiftUpdateCheck = 1420;
				LastUpgradeCheck = 1420;
				TargetAttributes = {
					7FB2F2D22B9D98FF00FDE724 = {
						CreatedOnToolsVersion = 14.2;
					};
				};
			};
			buildConfigurationList = 7FB2F2CE2B9D98FF00FDE724 /* Build configuration list for PBXProject "MidTerm_TakeHome" */;
			compatibilityVersion = "Xcode 14.0";
			developmentRegion = en;
			hasScannedForEncodings = 0;
			knownRegions = (
				en,
				Base,
			);
			mainGroup = 7FB2F2CA2B9D98FF00FDE724;
			productRefGroup = 7FB2F2D42B9D98FF00FDE724 /* Products */;
			projectDirPath = "";
			projectRoot = "";
			targets = (
				7FB2F2D22B9D98FF00FDE724 /* MidTerm_TakeHome */,
			);
		};
/* End PBXProject section */

/* Begin PBXResourcesBuildPhase section */
		7FB2F2D12B9D98FF00FDE724 /* Resources */ = {
			isa = PBXResourcesBuildPhase;
			buildActionMask = 2147483647;
			files = (
				7FB2F2E32B9D990000FDE724 /* LaunchScreen.storyboard in Resources */,
				7FB2F2E02B9D990000FDE724 /* Assets.xcassets in Resources */,
				7FB2F2DE2B9D98FF00FDE724 /* Main.storyboard in Resources */,
			);
			runOnlyForDeploymentPostprocessing = 0;
		};
/* End PBXResourcesBuildPhase section */

/* Begin PBXSourcesBuildPhase section */
		7FB2F2CF2B9D98FF00FDE724 /* Sources */ = {
			isa = PBXSourcesBuildPhase;
			buildActionMask = 2147483647;
			files = (
				7FB2F2DB2B9D98FF00FDE724 /* ViewController.swift in Sources */,
				7FB2F2D72B9D98FF00FDE724 /* AppDelegate.swift in Sources */,
				7FA44DE12B9F94DD00C0BC06 /* Lab3ViewController.swift in Sources */,
				7FB2F2D92B9D98FF00FDE724 /* SceneDelegate.swift in Sources */,
				7FE9C12F2B9F1CCA0015429B /* Lab2ViewController.swift in Sources */,
				7FA44DE32B9FB49100C0BC06 /* CalculateViewController.swift in Sources */,
			);
			runOnlyForDeploymentPostprocessing = 0;
		};
/* End PBXSourcesBuildPhase section */

/* Begin PBXVariantGroup section */
		7FB2F2DC2B9D98FF00FDE724 /* Main.storyboard */ = {
			isa = PBXVariantGroup;
			children = (
				7FB2F2DD2B9D98FF00FDE724 /* Base */,
			);
			name = Main.storyboard;
			sourceTree = "<group>";
		};
		7FB2F2E12B9D990000FDE724 /* LaunchScreen.storyboard */ = {
			isa = PBXVariantGroup;
			children = (
				7FB2F2E22B9D990000FDE724 /* Base */,
			);
			name = LaunchScreen.storyboard;
			sourceTree = "<group>";
		};
/* End PBXVariantGroup section */

/* Begin XCBuildConfiguration section */
		7FB2F2E52B9D990000FDE724 /* Debug */ = {
			isa = XCBuildConfiguration;
			buildSettings = {
				ALWAYS_SEARCH_USER_PATHS = NO;
				CLANG_ANALYZER_NONNULL = YES;
				CLANG_ANALYZER_NUMBER_OBJECT_CONVERSION = YES_AGGRESSIVE;
				CLANG_CXX_LANGUAGE_STANDARD = "gnu++20";
				CLANG_ENABLE_MODULES = YES;
				CLANG_ENABLE_OBJC_ARC = YES;
				CLANG_ENABLE_OBJC_WEAK = YES;
				CLANG_WARN_BLOCK_CAPTURE_AUTORELEASING = YES;
				CLANG_WARN_BOOL_CONVERSION = YES;
				CLANG_WARN_COMMA = YES;
				CLANG_WARN_CONSTANT_CONVERSION = YES;
				CLANG_WARN_DEPRECATED_OBJC_IMPLEMENTATIONS = YES;
				CLANG_WARN_DIRECT_OBJC_ISA_USAGE = YES_ERROR;
				CLANG_WARN_DOCUMENTATION_COMMENTS = YES;
				CLANG_WARN_EMPTY_BODY = YES;
				CLANG_WARN_ENUM_CONVERSION = YES;
				CLANG_WARN_INFINITE_RECURSION = YES;
				CLANG_WARN_INT_CONVERSION = YES;
				CLANG_WARN_NON_LITERAL_NULL_CONVERSION = YES;
				CLANG_WARN_OBJC_IMPLICIT_RETAIN_SELF = YES;
				CLANG_WARN_OBJC_LITERAL_CONVERSION = YES;
				CLANG_WARN_OBJC_ROOT_CLASS = YES_ERROR;
				CLANG_WARN_QUOTED_INCLUDE_IN_FRAMEWORK_HEADER = YES;
				CLANG_WARN_RANGE_LOOP_ANALYSIS = YES;
				CLANG_WARN_STRICT_PROTOTYPES = YES;
				CLANG_WARN_SUSPICIOUS_MOVE = YES;
				CLANG_WARN_UNGUARDED_AVAILABILITY = YES_AGGRESSIVE;
				CLANG_WARN_UNREACHABLE_CODE = YES;
				CLANG_WARN__DUPLICATE_METHOD_MATCH = YES;
				COPY_PHASE_STRIP = NO;
				DEBUG_INFORMATION_FORMAT = dwarf;
				ENABLE_STRICT_OBJC_MSGSEND = YES;
				ENABLE_TESTABILITY = YES;
				GCC_C_LANGUAGE_STANDARD = gnu11;
				GCC_DYNAMIC_NO_PIC = NO;
				GCC_NO_COMMON_BLOCKS = YES;
				GCC_OPTIMIZATION_LEVEL = 0;
				GCC_PREPROCESSOR_DEFINITIONS = (
					"DEBUG=1",
					"$(inherited)",
				);
				GCC_WARN_64_TO_32_BIT_CONVERSION = YES;
				GCC_WARN_ABOUT_RETURN_TYPE = YES_ERROR;
				GCC_WARN_UNDECLARED_SELECTOR = YES;
				GCC_WARN_UNINITIALIZED_AUTOS = YES_AGGRESSIVE;
				GCC_WARN_UNUSED_FUNCTION = YES;
				GCC_WARN_UNUSED_VARIABLE = YES;
				IPHONEOS_DEPLOYMENT_TARGET = 16.2;
				MTL_ENABLE_DEBUG_INFO = INCLUDE_SOURCE;
				MTL_FAST_MATH = YES;
				ONLY_ACTIVE_ARCH = YES;
				SDKROOT = iphoneos;
				SWIFT_ACTIVE_COMPILATION_CONDITIONS = DEBUG;
				SWIFT_OPTIMIZATION_LEVEL = "-Onone";
			};
			name = Debug;
		};
		7FB2F2E62B9D990000FDE724 /* Release */ = {
			isa = XCBuildConfiguration;
			buildSettings = {
				ALWAYS_SEARCH_USER_PATHS = NO;
				CLANG_ANALYZER_NONNULL = YES;
				CLANG_ANALYZER_NUMBER_OBJECT_CONVERSION = YES_AGGRESSIVE;
				CLANG_CXX_LANGUAGE_STANDARD = "gnu++20";
				CLANG_ENABLE_MODULES = YES;
				CLANG_ENABLE_OBJC_ARC = YES;
				CLANG_ENABLE_OBJC_WEAK = YES;
				CLANG_WARN_BLOCK_CAPTURE_AUTORELEASING = YES;
				CLANG_WARN_BOOL_CONVERSION = YES;
				CLANG_WARN_COMMA = YES;
				CLANG_WARN_CONSTANT_CONVERSION = YES;
				CLANG_WARN_DEPRECATED_OBJC_IMPLEMENTATIONS = YES;
				CLANG_WARN_DIRECT_OBJC_ISA_USAGE = YES_ERROR;
				CLANG_WARN_DOCUMENTATION_COMMENTS = YES;
				CLANG_WARN_EMPTY_BODY = YES;
				CLANG_WARN_ENUM_CONVERSION = YES;
				CLANG_WARN_INFINITE_RECURSION = YES;
				CLANG_WARN_INT_CONVERSION = YES;
				CLANG_WARN_NON_LITERAL_NULL_CONVERSION = YES;
				CLANG_WARN_OBJC_IMPLICIT_RETAIN_SELF = YES;
				CLANG_WARN_OBJC_LITERAL_CONVERSION = YES;
				CLANG_WARN_OBJC_ROOT_CLASS = YES_ERROR;
				CLANG_WARN_QUOTED_INCLUDE_IN_FRAMEWORK_HEADER = YES;
				CLANG_WARN_RANGE_LOOP_ANALYSIS = YES;
				CLANG_WARN_STRICT_PROTOTYPES = YES;
				CLANG_WARN_SUSPICIOUS_MOVE = YES;
				CLANG_WARN_UNGUARDED_AVAILABILITY = YES_AGGRESSIVE;
				CLANG_WARN_UNREACHABLE_CODE = YES;
				CLANG_WARN__DUPLICATE_METHOD_MATCH = YES;
				COPY_PHASE_STRIP = NO;
				DEBUG_INFORMATION_FORMAT = "dwarf-with-dsym";
				ENABLE_NS_ASSERTIONS = NO;
				ENABLE_STRICT_OBJC_MSGSEND = YES;
				GCC_C_LANGUAGE_STANDARD = gnu11;
				GCC_NO_COMMON_BLOCKS = YES;
				GCC_WARN_64_TO_32_BIT_CONVERSION = YES;
				GCC_WARN_ABOUT_RETURN_TYPE = YES_ERROR;
				GCC_WARN_UNDECLARED_SELECTOR = YES;
				GCC_WARN_UNINITIALIZED_AUTOS = YES_AGGRESSIVE;
				GCC_WARN_UNUSED_FUNCTION = YES;
				GCC_WARN_UNUSED_VARIABLE = YES;
				IPHONEOS_DEPLOYMENT_TARGET = 16.2;
				MTL_ENABLE_DEBUG_INFO = NO;
				MTL_FAST_MATH = YES;
				SDKROOT = iphoneos;
				SWIFT_COMPILATION_MODE = wholemodule;
				SWIFT_OPTIMIZATION_LEVEL = "-O";
				VALIDATE_PRODUCT = YES;
			};
			name = Release;
		};
		7FB2F2E82B9D990000FDE724 /* Debug */ = {
			isa = XCBuildConfiguration;
			buildSettings = {
				ASSETCATALOG_COMPILER_APPICON_NAME = AppIcon;
				ASSETCATALOG_COMPILER_GLOBAL_ACCENT_COLOR_NAME = AccentColor;
				CODE_SIGN_STYLE = Automatic;
				CURRENT_PROJECT_VERSION = 1;
				GENERATE_INFOPLIST_FILE = YES;
				INFOPLIST_FILE = MidTerm_TakeHome/Info.plist;
				INFOPLIST_KEY_UIApplicationSupportsIndirectInputEvents = YES;
				INFOPLIST_KEY_UILaunchStoryboardName = LaunchScreen;
				INFOPLIST_KEY_UIMainStoryboardFile = Main;
				INFOPLIST_KEY_UISupportedInterfaceOrientations_iPad = "UIInterfaceOrientationPortrait UIInterfaceOrientationPortraitUpsideDown UIInterfaceOrientationLandscapeLeft UIInterfaceOrientationLandscapeRight";
				INFOPLIST_KEY_UISupportedInterfaceOrientations_iPhone = "UIInterfaceOrientationPortrait UIInterfaceOrientationLandscapeLeft UIInterfaceOrientationLandscapeRight";
				LD_RUNPATH_SEARCH_PATHS = (
					"$(inherited)",
					"@executable_path/Frameworks",
				);
				MARKETING_VERSION = 1.0;
				PRODUCT_BUNDLE_IDENTIFIER = "com.conestoga.MidTerm-TakeHome";
				PRODUCT_NAME = "$(TARGET_NAME)";
				SWIFT_EMIT_LOC_STRINGS = YES;
				SWIFT_VERSION = 5.0;
				TARGETED_DEVICE_FAMILY = "1,2";
			};
			name = Debug;
		};
		7FB2F2E92B9D990000FDE724 /* Release */ = {
			isa = XCBuildConfiguration;
			buildSettings = {
				ASSETCATALOG_COMPILER_APPICON_NAME = AppIcon;
				ASSETCATALOG_COMPILER_GLOBAL_ACCENT_COLOR_NAME = AccentColor;
				CODE_SIGN_STYLE = Automatic;
				CURRENT_PROJECT_VERSION = 1;
				GENERATE_INFOPLIST_FILE = YES;
				INFOPLIST_FILE = MidTerm_TakeHome/Info.plist;
				INFOPLIST_KEY_UIApplicationSupportsIndirectInputEvents = YES;
				INFOPLIST_KEY_UILaunchStoryboardName = LaunchScreen;
				INFOPLIST_KEY_UIMainStoryboardFile = Main;
				INFOPLIST_KEY_UISupportedInterfaceOrientations_iPad = "UIInterfaceOrientationPortrait UIInterfaceOrientationPortraitUpsideDown UIInterfaceOrientationLandscapeLeft UIInterfaceOrientationLandscapeRight";
				INFOPLIST_KEY_UISupportedInterfaceOrientations_iPhone = "UIInterfaceOrientationPortrait UIInterfaceOrientationLandscapeLeft UIInterfaceOrientationLandscapeRight";
				LD_RUNPATH_SEARCH_PATHS = (
					"$(inherited)",
					"@executable_path/Frameworks",
				);
				MARKETING_VERSION = 1.0;
				PRODUCT_BUNDLE_IDENTIFIER = "com.conestoga.MidTerm-TakeHome";
				PRODUCT_NAME = "$(TARGET_NAME)";
				SWIFT_EMIT_LOC_STRINGS = YES;
				SWIFT_VERSION = 5.0;
				TARGETED_DEVICE_FAMILY = "1,2";
			};
			name = Release;
		};
/* End XCBuildConfiguration section */

/* Begin XCConfigurationList section */
		7FB2F2CE2B9D98FF00FDE724 /* Build configuration list for PBXProject "MidTerm_TakeHome" */ = {
			isa = XCConfigurationList;
			buildConfigurations = (
				7FB2F2E52B9D990000FDE724 /* Debug */,
				7FB2F2E62B9D990000FDE724 /* Release */,
			);
			defaultConfigurationIsVisible = 0;
			defaultConfigurationName = Release;
		};
		7FB2F2E72B9D990000FDE724 /* Build configuration list for PBXNativeTarget "MidTerm_TakeHome" */ = {
			isa = XCConfigurationList;
			buildConfigurations = (
				7FB2F2E82B9D990000FDE724 /* Debug */,
				7FB2F2E92B9D990000FDE724 /* Release */,
			);
			defaultConfigurationIsVisible = 0;
			defaultConfigurationName = Release;
		};
/* End XCConfigurationList section */
	};
	rootObject = 7FB2F2CB2B9D98FF00FDE724 /* Project object */;
}
